
Microsoft Visual Studio Solution File, Format Version 12.00
# Visual Studio Version 17
VisualStudioVersion = 17.11.35303.130
MinimumVisualStudioVersion = 10.0.40219.1
Project("{9A19103F-16F7-4668-BE54-9A1E7A4F7556}") = "SlidingWindowRanker.Tests", "SlidingWindowRanker.Tests\SlidingWindowRanker.Tests.csproj", "{7AC2F160-9FEC-411D-A003-745BA0BAC8FF}"
EndProject
Project("{9A19103F-16F7-4668-BE54-9A1E7A4F7556}") = "SlidingWindowRanker", "SlidingWindowRanker\SlidingWindowRanker.csproj", "{2D5AA1A4-A833-41C1-AE33-48A6768DFA99}"
EndProject
Project("{2150E333-8FDC-42A3-9474-1A3956D46DE8}") = "SolutionFolder", "SolutionFolder", "{9BE9075E-F4CE-4F83-9975-D2AEC9B41933}"
	ProjectSection(SolutionItems) = preProject
		ReadMe.md = ReadMe.md
		.github\workflows\ci.yml = .github\workflows\ci.yml
		SlidingWindowRanker\20240917 o1 Mini conversation.pdf = SlidingWindowRanker\20240917 o1 Mini conversation.pdf
		.editorconfig = .editorconfig
	EndProjectSection
EndProject
Project("{FAE04EC0-301F-11D3-BF4B-00C04F79EFBC}") = "Benchmarks", "Benchmarks\Benchmarks.csproj", "{596DFA8D-BDA8-4C8F-9083-EC840C1D741D}"
EndProject
Global
	GlobalSection(SolutionConfigurationPlatforms) = preSolution
		Debug|Any CPU = Debug|Any CPU
		Release|Any CPU = Release|Any CPU
	EndGlobalSection
	GlobalSection(ProjectConfigurationPlatforms) = postSolution
		{7AC2F160-9FEC-411D-A003-745BA0BAC8FF}.Debug|Any CPU.ActiveCfg = Debug|Any CPU
		{7AC2F160-9FEC-411D-A003-745BA0BAC8FF}.Debug|Any CPU.Build.0 = Debug|Any CPU
		{7AC2F160-9FEC-411D-A003-745BA0BAC8FF}.Release|Any CPU.ActiveCfg = Release|Any CPU
		{7AC2F160-9FEC-411D-A003-745BA0BAC8FF}.Release|Any CPU.Build.0 = Release|Any CPU
		{2D5AA1A4-A833-41C1-AE33-48A6768DFA99}.Debug|Any CPU.ActiveCfg = Debug|Any CPU
		{2D5AA1A4-A833-41C1-AE33-48A6768DFA99}.Debug|Any CPU.Build.0 = Debug|Any CPU
		{2D5AA1A4-A833-41C1-AE33-48A6768DFA99}.Release|Any CPU.ActiveCfg = Release|Any CPU
		{2D5AA1A4-A833-41C1-AE33-48A6768DFA99}.Release|Any CPU.Build.0 = Release|Any CPU
		{596DFA8D-BDA8-4C8F-9083-EC840C1D741D}.Debug|Any CPU.ActiveCfg = Debug|Any CPU
		{596DFA8D-BDA8-4C8F-9083-EC840C1D741D}.Debug|Any CPU.Build.0 = Debug|Any CPU
		{596DFA8D-BDA8-4C8F-9083-EC840C1D741D}.Release|Any CPU.ActiveCfg = Release|Any CPU
		{596DFA8D-BDA8-4C8F-9083-EC840C1D741D}.Release|Any CPU.Build.0 = Release|Any CPU
	EndGlobalSection
	GlobalSection(SolutionProperties) = preSolution
		HideSolutionNode = FALSE
	EndGlobalSection
EndGlobal
